{
  "name": "Mobile-First-Portfolio",
  "lockfileVersion": 3,
  "requires": true,
  "packages": {
    "": {
      "name": "Mobile-First-Portfolio",
      "devDependencies": {
        "babel-eslint": "^10.1.0",
        "eslint": "^7.32.0",
        "eslint-config-airbnb-base": "^14.2.1",
        "eslint-plugin-import": "^2.27.5",
        "hint": "^6.2.0",
        "stylelint": "^13.13.1",
        "stylelint-config-standard": "^21.0.0",
        "stylelint-csstree-validator": "^1.9.0",
        "stylelint-scss": "^3.21.0"
      }
    },
    "node_modules/@ampproject/remapping": {
      "version": "2.2.0",
      "resolved":
"https://registry.npmjs.org/@ampproject/remapping/-/remapping-2.2.0.tgz",
      "integrity":
"sha512-qRmjj8nj9qmLTQXXmaR1cck3UXSRMPrbsLJAasZpF+t3riI71BXed5ebIOYwQntykeZuhjsdweEc9BxH5Jc26w==",
      "dev": true,
      "dependencies": {
        "@jridgewell/gen-mapping": "^0.1.0",
        "@jridgewell/trace-mapping": "^0.3.9"
      },
      "engines": {
        "node": ">=6.0.0"
      }
    },
    "node_modules/@babel/code-frame": {
      "version": "7.18.6",
      "resolved":
"https://registry.npmjs.org/@babel/code-frame/-/code-frame-7.18.6.tgz",
      "integrity":
"sha512-TDCmlK5eOvH+eH7cdAFlNXeVJqWIQ7gW9tY1GJIpUtFb6CmjVyq2VM3u71bOyR8CRihcCgMUYoDNyLXao3+70Q==",
      "dev": true,
      "dependencies": {
        "@babel/highlight": "^7.18.6"
      },
      "engines": {
        "node": ">=6.9.0"
      }
    },
    "node_modules/@babel/compat-data": {
      "version": "7.20.14",
      "resolved":
"https://registry.npmjs.org/@babel/compat-data/-/compat-data-7.20.14.tgz",
      "integrity":
"sha512-0YpKHD6ImkWMEINCyDAD0HLLUH/lPCefG8ld9it8DJB2wnApraKuhgYTvTY1z7UFIfBTGy5LwncZ+5HWWGbhFw==",
      "dev": true,
      "engines": {
        "node": ">=6.9.0"
      }
    },
    "node_modules/@babel/core": {
      "version": "7.20.12",
      "resolved": "https://registry.npmjs.org/@babel/core/-/core-7.20.12.tgz",
      "integrity":
"sha512-XsMfHovsUYHFMdrIHkZphTN/2Hzzi78R08NuHfDBehym2VsPDL6Zn/JAD/JQdnRvbSsbQc4mVaU1m6JgtTEElg==",
      "dev": true,
      "dependencies": {
        "@ampproject/remapping": "^2.1.0",
        "@babel/code-frame": "^7.18.6",
        "@babel/generator": "^7.20.7",
        "@babel/helper-compilation-targets": "^7.20.7",
        "@babel/helper-module-transforms": "^7.20.11",
        "@babel/helpers": "^7.20.7",
        "@babel/parser": "^7.20.7",
        "@babel/template": "^7.20.7",
        "@babel/traverse": "^7.20.12",
        "@babel/types": "^7.20.7",
        "convert-source-map": "^1.7.0",
        "debug": "^4.1.0",
        "gensync": "^1.0.0-beta.2",
        "json5": "^2.2.2",
        "semver": "^6.3.0"
      },
      "engines": {
        "node": ">=6.9.0"
      },
      "funding": {
        "type": "opencollective",
        "url": "https://opencollective.com/babel"
      }
    },
    "node_modules/@babel/generator": {
      "version": "7.20.14",
      "resolved":
"https://registry.npmjs.org/@babel/generator/-/generator-7.20.14.tgz",
      "integrity":
"sha512-AEmuXHdcD3A52HHXxaTmYlb8q/xMEhoRP67B3T4Oq7lbmSoqroMZzjnGj3+i1io3pdnF8iBYVu4Ilj+c4hBxYg==",
      "dev": true,
      "dependencies": {
        "@babel/types": "^7.20.7",
        "@jridgewell/gen-mapping": "^0.3.2",
        "jsesc": "^2.5.1"
      },
      "engines": {
        "node": ">=6.9.0"
      }
    },
    "node_modules/@babel/generator/node_modules/@jridgewell/gen-mapping": {
      "version": "0.3.2",
      "resolved":
"https://registry.npmjs.org/@jridgewell/gen-mapping/-/gen-mapping-0.3.2.tgz",
      "integrity":
"sha512-mh65xKQAzI6iBcFzwv28KVWSmCkdRBWoOh+bYQGW3+6OZvbbN3TqMGo5hqYxQniRcH9F2VZIoJCm4pa3BPDK/A==",
      "dev": true,
      "dependencies": {
        "@jridgewell/set-array": "^1.0.1",
        "@jridgewell/sourcemap-codec": "^1.4.10",
        "@jridgewell/trace-mapping": "^0.3.9"
      },
      "engines": {
        "node": ">=6.0.0"
      }
    },
    "node_modules/@babel/helper-compilation-targets": {
      "version": "7.20.7",
      "resolved":
"https://registry.npmjs.org/@babel/helper-compilation-targets/-/helper-compilation-targets-7.20.7.tgz",
      "integrity":
"sha512-4tGORmfQcrc+bvrjb5y3dG9Mx1IOZjsHqQVUz7XCNHO+iTmqxWnVg3KRygjGmpRLJGdQSKuvFinbIb0CnZwHAQ==",
      "dev": true,
      "dependencies": {
        "@babel/compat-data": "^7.20.5",
        "@babel/helper-validator-option": "^7.18.6",
        "browserslist": "^4.21.3",
        "lru-cache": "^5.1.1",
        "semver": "^6.3.0"
      },
      "engines": {
        "node": ">=6.9.0"
      },
      "peerDependencies": {
        "@babel/core": "^7.0.0"
      }
    },
    "node_modules/@babel/helper-environment-visitor": {
      "version": "7.18.9",
      "resolved":
"https://registry.npmjs.org/@babel/helper-environment-visitor/-/helper-environment-visitor-7.18.9.tgz",
      "integrity":
"sha512-3r/aACDJ3fhQ/EVgFy0hpj8oHyHpQc+LPtJoY9SzTThAsStm4Ptegq92vqKoE3vD706ZVFWITnMnxucw+S9Ipg==",
      "dev": true,
      "engines": {
        "node": ">=6.9.0"
      }
    },
    "node_modules/@babel/helper-function-name": {
      "version": "7.19.0",
      "resolved":
"https://registry.npmjs.org/@babel/helper-function-name/-/helper-function-name-7.19.0.tgz",
      "integrity":
"sha512-WAwHBINyrpqywkUH0nTnNgI5ina5TFn85HKS0pbPDfxFfhyR/aNQEn4hGi1P1JyT//I0t4OgXUlofzWILRvS5w==",
      "dev": true,
      "dependencies": {
        "@babel/template": "^7.18.10",
        "@babel/types": "^7.19.0"
      },
      "engines": {
        "node": ">=6.9.0"
      }
    },
    "node_modules/@babel/helper-hoist-variables": {
      "version": "7.18.6",
      "resolved":
"https://registry.npmjs.org/@babel/helper-hoist-variables/-/helper-hoist-variables-7.18.6.tgz",
      "integrity":
"sha512-UlJQPkFqFULIcyW5sbzgbkxn2FKRgwWiRexcuaR8RNJRy8+LLveqPjwZV/bwrLZCN0eUHD/x8D0heK1ozuoo6Q==",
      "dev": true,
      "dependencies": {
        "@babel/types": "^7.18.6"
      },
      "engines": {
        "node": ">=6.9.0"
      }
    },
    "node_modules/@babel/helper-module-imports": {
      "version": "7.18.6",
      "resolved":
"https://registry.npmjs.org/@babel/helper-module-imports/-/helper-module-imports-7.18.6.tgz",
      "integrity":
"sha512-0NFvs3VkuSYbFi1x2Vd6tKrywq+z/cLeYC/RJNFrIX/30Bf5aiGYbtvGXolEktzJH8o5E5KJ3tT+nkxuuZFVlA==",
      "dev": true,
      "dependencies": {
        "@babel/types": "^7.18.6"
      },
      "engines": {
        "node": ">=6.9.0"
      }
    },
    "node_modules/@babel/helper-module-transforms": {
      "version": "7.20.11",
      "resolved":
"https://registry.npmjs.org/@babel/helper-module-transforms/-/helper-module-transforms-7.20.11.tgz",
      "integrity":
"sha512-uRy78kN4psmji1s2QtbtcCSaj/LILFDp0f/ymhpQH5QY3nljUZCaNWz9X1dEj/8MBdBEFECs7yRhKn8i7NjZgg==",
      "dev": true,
      "dependencies": {
        "@babel/helper-environment-visitor": "^7.18.9",
        "@babel/helper-module-imports": "^7.18.6",
        "@babel/helper-simple-access": "^7.20.2",
        "@babel/helper-split-export-declaration": "^7.18.6",
        "@babel/helper-validator-identifier": "^7.19.1",
        "@babel/template": "^7.20.7",
        "@babel/traverse": "^7.20.10",
        "@babel/types": "^7.20.7"
      },
      "engines": {
        "node": ">=6.9.0"
      }
    },
    "node_modules/@babel/helper-simple-access": {
      "version": "7.20.2",
      "resolved":
"https://registry.npmjs.org/@babel/helper-simple-access/-/helper-simple-access-7.20.2.tgz",
      "integrity":
"sha512-+0woI/WPq59IrqDYbVGfshjT5Dmk/nnbdpcF8SnMhhXObpTq2KNBdLFRFrkVdbDOyUmHBCxzm5FHV1rACIkIbA==",
      "dev": true,
      "dependencies": {
        "@babel/types": "^7.20.2"
      },
      "engines": {
        "node": ">=6.9.0"
      }
    },
    "node_modules/@babel/helper-split-export-declaration": {
      "version": "7.18.6",
      "resolved":
"https://registry.npmjs.org/@babel/helper-split-export-declaration/-/helper-split-export-declaration-7.18.6.tgz",
      "integrity":
"sha512-bde1etTx6ZyTmobl9LLMMQsaizFVZrquTEHOqKeQESMKo4PlObf+8+JA25ZsIpZhT/WEd39+vOdLXAFG/nELpA==",
      "dev": true,
      "dependencies": {
        "@babel/types": "^7.18.6"
      },
      "engines": {
        "node": ">=6.9.0"
      }
    },
    "node_modules/@babel/helper-string-parser": {
      "version": "7.19.4",
      "resolved":
"https://registry.npmjs.org/@babel/helper-string-parser/-/helper-string-parser-7.19.4.tgz",
      "integrity":
"sha512-nHtDoQcuqFmwYNYPz3Rah5ph2p8PFeFCsZk9A/48dPc/rGocJ5J3hAAZ7pb76VWX3fZKu+uEr/FhH5jLx7umrw==",
      "dev": true,
      "engines": {
        "node": ">=6.9.0"
      }
    },
    "node_modules/@babel/helper-validator-identifier": {
      "version": "7.19.1",
      "resolved":
"https://registry.npmjs.org/@babel/helper-validator-identifier/-/helper-validator-identifier-7.19.1.tgz",
      "integrity":
"sha512-awrNfaMtnHUr653GgGEs++LlAvW6w+DcPrOliSMXWCKo597CwL5Acf/wWdNkf/tfEQE3mjkeD1YOVZOUV/od1w==",
      "dev": true,
      "engines": {
        "node": ">=6.9.0"
      }
    },
    "node_modules/@babel/helper-validator-option": {
      "version": "7.18.6",
      "resolved":
"https://registry.npmjs.org/@babel/helper-validator-option/-/helper-validator-option-7.18.6.tgz",
      "integrity":
"sha512-XO7gESt5ouv/LRJdrVjkShckw6STTaB7l9BrpBaAHDeF5YZT+01PCwmR0SJHnkW6i8OwW/EVWRShfi4j2x+KQw==",
      "dev": true,
      "engines": {
        "node": ">=6.9.0"
      }
    },
    "node_modules/@babel/helpers": {
      "version": "7.20.13",
      "resolved":
"https://registry.npmjs.org/@babel/helpers/-/helpers-7.20.13.tgz",
      "integrity":
"sha512-nzJ0DWCL3gB5RCXbUO3KIMMsBY2Eqbx8mBpKGE/02PgyRQFcPQLbkQ1vyy596mZLaP+dAfD+R4ckASzNVmW3jg==",
      "dev": true,
      "dependencies": {
        "@babel/template": "^7.20.7",
        "@babel/traverse": "^7.20.13",
        "@babel/types": "^7.20.7"
      },
      "engines": {
        "node": ">=6.9.0"
      }
    },
    "node_modules/@babel/highlight": {
      "version": "7.18.6",
      "resolved":
"https://registry.npmjs.org/@babel/highlight/-/highlight-7.18.6.tgz",
      "integrity":
"sha512-u7stbOuYjaPezCuLj29hNW1v64M2Md2qupEKP1fHc7WdOA3DgLh37suiSrZYY7haUB7iBeQZ9P1uiRF359do3g==",
      "dev": true,
      "dependencies": {
        "@babel/helper-validator-identifier": "^7.18.6",
        "chalk": "^2.0.0",
        "js-tokens": "^4.0.0"
      },
      "engines": {
        "node": ">=6.9.0"
      }
    },
    "node_modules/@babel/highlight/node_modules/ansi-styles": {
      "version": "3.2.1",
      "resolved":
"https://registry.npmjs.org/ansi-styles/-/ansi-styles-3.2.1.tgz",
      "integrity":
"sha512-VT0ZI6kZRdTh8YyJw3SMbYm/u+NqfsAxEpWO0Pf9sq8/e94WxxOpPKx9FR1FlyCtOVDNOQ+8ntlqFxiRc+r5qA==",
      "dev": true,
      "dependencies": {
        "color-convert": "^1.9.0"
      },
      "engines": {
        "node": ">=4"
      }
    },
    "node_modules/@babel/highlight/node_modules/chalk": {
      "version": "2.4.2",
      "resolved": "https://registry.npmjs.org/chalk/-/chalk-2.4.2.tgz",
      "integrity":
"sha512-Mti+f9lpJNcwF4tWV8/OrTTtF1gZi+f8FqlyAdouralcFWFQWF2+NgCHShjkCb+IFBLq9buZwE1xckQU4peSuQ==",
      "dev": true,
      "dependencies": {
        "ansi-styles": "^3.2.1",
        "escape-string-regexp": "^1.0.5",
        "supports-color": "^5.3.0"
      },
      "engines": {
        "node": ">=4"
      }
    },
    "node_modules/@babel/highlight/node_modules/color-convert": {
      "version": "1.9.3",
      "resolved":
"https://registry.npmjs.org/color-convert/-/color-convert-1.9.3.tgz",
      "integrity":
"sha512-QfAUtd+vFdAtFQcC8CCyYt1fYWxSqAiK2cSD6zDB8N3cpsEBAvRxp9zOGg6G/SHHJYAT88/az/IuDGALsNVbGg==",
      "dev": true,
      "dependencies": {
        "color-name": "1.1.3"
      }
    },
    "node_modules/@babel/highlight/node_modules/color-name": {
      "version": "1.1.3",
      "resolved":
"https://registry.npmjs.org/color-name/-/color-name-1.1.3.tgz",
      "integrity":
"sha512-72fSenhMw2HZMTVHeCA9KCmpEIbzWiQsjN+BHcBbS9vr1mtt+vJjPdksIBNUmKAW8TFUDPJK5SUU3QhE9NEXDw==",
      "dev": true
    },
    "node_modules/@babel/highlight/node_modules/has-flag": {
      "version": "3.0.0",
      "resolved": "https://registry.npmjs.org/has-flag/-/has-flag-3.0.0.tgz",
      "integrity":
"sha512-sKJf1+ceQBr4SMkvQnBDNDtf4TXpVhVGateu0t918bl30FnbE2m4vNLX+VWe/dpjlb+HugGYzW7uQXH98HPEYw==",
      "dev": true,
      "engines": {
        "node": ">=4"
      }
    },
    "node_modules/@babel/highlight/node_modules/supports-color": {
      "version": "5.5.0",
      "resolved":
"https://registry.npmjs.org/supports-color/-/supports-color-5.5.0.tgz",
      "integrity":
"sha512-QjVjwdXIt408MIiAqCX4oUKsgU2EqAGzs2Ppkm4aQYbjm+ZEWEcW4SfFNTr4uMNZma0ey4f5lgLrkB0aX0QMow==",
      "dev": true,
      "dependencies": {
        "has-flag": "^3.0.0"
      },
      "engines": {
        "node": ">=4"
      }
    },
    "node_modules/@babel/parser": {
      "version": "7.20.15",
      "resolved":
"https://registry.npmjs.org/@babel/parser/-/parser-7.20.15.tgz",
      "integrity":
"sha512-DI4a1oZuf8wC+oAJA9RW6ga3Zbe8RZFt7kD9i4qAspz3I/yHet1VvC3DiSy/fsUvv5pvJuNPh0LPOdCcqinDPg==",
      "dev": true,
      "bin": {
        "parser": "bin/babel-parser.js"
      },
      "engines": {
        "node": ">=6.0.0"
      }
    },
    "node_modules/@babel/template": {
      "version": "7.20.7",
      "resolved":
"https://registry.npmjs.org/@babel/template/-/template-7.20.7.tgz",
      "integrity":
"sha512-8SegXApWe6VoNw0r9JHpSteLKTpTiLZ4rMlGIm9JQ18KiCtyQiAMEazujAHrUS5flrcqYZa75ukev3P6QmUwUw==",
      "dev": true,
      "dependencies": {
        "@babel/code-frame": "^7.18.6",
        "@babel/parser": "^7.20.7",
        "@babel/types": "^7.20.7"
      },
      "engines": {
        "node": ">=6.9.0"
      }
    },
    "node_modules/@babel/traverse": {
      "version": "7.20.13",
      "resolved":
"https://registry.npmjs.org/@babel/traverse/-/traverse-7.20.13.tgz",
      "integrity":
"sha512-kMJXfF0T6DIS9E8cgdLCSAL+cuCK+YEZHWiLK0SXpTo8YRj5lpJu3CDNKiIBCne4m9hhTIqUg6SYTAI39tAiVQ==",
      "dev": true,
      "dependencies": {
        "@babel/code-frame": "^7.18.6",
        "@babel/generator": "^7.20.7",
        "@babel/helper-environment-visitor": "^7.18.9",
        "@babel/helper-function-name": "^7.19.0",
        "@babel/helper-hoist-variables": "^7.18.6",
        "@babel/helper-split-export-declaration": "^7.18.6",
        "@babel/parser": "^7.20.13",
        "@babel/types": "^7.20.7",
        "debug": "^4.1.0",
        "globals": "^11.1.0"
      },
      "engines": {
        "node": ">=6.9.0"
      }
    },
    "node_modules/@babel/types": {
      "version": "7.20.7",
      "resolved": "https://registry.npmjs.org/@babel/types/-/types-7.20.7.tgz",
      "integrity":
"sha512-69OnhBxSSgK0OzTJai4kyPDiKTIe3j+ctaHdIGVbRahTLAT7L3R9oeXHC2aVSuGYt3cVnoAMDmOCgJ2yaiLMvg==",
      "dev": true,
      "dependencies": {
        "@babel/helper-string-parser": "^7.19.4",
        "@babel/helper-validator-identifier": "^7.19.1",
        "to-fast-properties": "^2.0.0"
      },
      "engines": {
        "node": ">=6.9.0"
      }
    },
    "node_modules/@eslint/eslintrc": {
      "version": "0.4.3",
      "resolved":
"https://registry.npmjs.org/@eslint/eslintrc/-/eslintrc-0.4.3.tgz",
      "integrity":
"sha512-J6KFFz5QCYUJq3pf0mjEcCJVERbzv71PUIDczuh9JkwGEzced6CO5ADLHB1rbf/+oPBtoPfMYNOpGDzCANlbXw==",
      "dev": true,
      "dependencies": {
        "ajv": "^6.12.4",
        "debug": "^4.1.1",
        "espree": "^7.3.0",
        "globals": "^13.9.0",
        "ignore": "^4.0.6",
        "import-fresh": "^3.2.1",
        "js-yaml": "^3.13.1",
        "minimatch": "^3.0.4",
        "strip-json-comments": "^3.1.1"
      },
      "engines": {
        "node": "^10.12.0 || >=12.0.0"
      }
    },
    "node_modules/@eslint/eslintrc/node_modules/ajv": {
      "version": "6.12.6",
      "resolved": "https://registry.npmjs.org/ajv/-/ajv-6.12.6.tgz",
      "integrity":
"sha512-j3fVLgvTo527anyYyJOGTYJbG+vnnQYvE0m5mmkc1TK+nxAppkCLMIL0aZ4dblVCNoGShhm+kzE4ZUykBoMg4g==",
      "dev": true,
      "dependencies": {
        "fast-deep-equal": "^3.1.1",
        "fast-json-stable-stringify": "^2.0.0",
        "json-schema-traverse": "^0.4.1",
        "uri-js": "^4.2.2"
      },
      "funding": {
        "type": "github",
        "url": "https://github.com/sponsors/epoberezkin"
      }
    },
    "node_modules/@eslint/eslintrc/node_modules/globals": {
      "version": "13.20.0",
      "resolved": "https://registry.npmjs.org/globals/-/globals-13.20.0.tgz",
      "integrity":
"sha512-Qg5QtVkCy/kv3FUSlu4ukeZDVf9ee0iXLAUYX13gbR17bnejFTzr4iS9bY7kwCf1NztRNm1t91fjOiyx4CSwPQ==",
      "dev": true,
      "dependencies": {
        "type-fest": "^0.20.2"
      },
      "engines": {
        "node": ">=8"
      },
      "funding": {
        "url": "https://github.com/sponsors/sindresorhus"
      }
    },
    "node_modules/@eslint/eslintrc/node_modules/ignore": {
      "version": "4.0.6",
      "resolved": "https://registry.npmjs.org/ignore/-/ignore-4.0.6.tgz",
      "integrity":
"sha512-cyFDKrqc/YdcWFniJhzI42+AzS+gNwmUzOSFcRCQYwySuBBBy/KjuxWLZ/FHEH6Moq1NizMOBWyTcv8O4OZIMg==",
      "dev": true,
      "engines": {
        "node": ">= 4"
      }
    },
    "node_modules/@eslint/eslintrc/node_modules/json-schema-traverse": {
      "version": "0.4.1",
      "resolved":
"https://registry.npmjs.org/json-schema-traverse/-/json-schema-traverse-0.4.1.tgz",
      "integrity":
"sha512-xbbCH5dCYU5T8LcEhhuh7HJ88HXuW3qsI3Y0zOZFKfZEHcpWiHU/Jxzk629Brsab/mMiHQti9wMP+845RPe3Vg==",
      "dev": true
    },
    "node_modules/@eslint/eslintrc/node_modules/type-fest": {
      "version": "0.20.2",
      "resolved": "https://registry.npmjs.org/type-fest/-/type-fest-0.20.2.tgz",
      "integrity":
"sha512-Ne+eE4r0/iWnpAxD852z3A+N0Bt5RN//NjJwRd2VFHEmrywxf5vsZlh4R6lixl6B+wz/8d+maTSAkN1FIkI3LQ==",
      "dev": true,
      "engines": {
        "node": ">=10"
      },
      "funding": {
        "url": "https://github.com/sponsors/sindresorhus"
      }
    },
    "node_modules/@hint/utils": {
      "version": "7.0.22",
      "resolved": "https://registry.npmjs.org/@hint/utils/-/utils-7.0.22.tgz",
      "integrity":
"sha512-3M+8O/jwE6XFPekGD99HeBpTMd/KdJ1nH68lEa/HQjkl0MwkYFWyNP/a1zDy06oGbRviSi7HofqJGyJQq7HlIA==",
      "dev": true,
      "dependencies": {
        "@hint/utils-debug": "^1.0.10",
        "@hint/utils-fs": "^1.0.15",
        "@hint/utils-string": "^1.0.13",
        "chalk": "^4.1.2",
        "configstore": "^5.0.1",
        "content-type": "^1.0.4",
        "eventemitter2": "^6.4.5",
        "file-type": "^16.5.4",
        "globby": "^11.0.4",
        "is-svg": "^4.3.2",
        "is-wsl": "^2.2.0",
        "lodash": "^4.17.21",
        "npm-registry-fetch": "^14.0.3",
        "semver": "^7.3.5"
      }
    },
    "node_modules/@hint/utils-compat-data": {
      "version": "1.1.11",
      "resolved":
"https://registry.npmjs.org/@hint/utils-compat-data/-/utils-compat-data-1.1.11.tgz",
      "integrity":
"sha512-YhQ8f3akbLqTRgSBiD3GEeeGFQ7KX1rLrwozT2LdWvxf5HZ9W4TMQl5msIQnIG5sRtmJhOwwbZ5al5iC7LAAqw==",
      "dev": true,
      "optional": true,
      "dependencies": {
        "@hint/utils-css": "^1.0.14",
        "@mdn/browser-compat-data": "^4.1.10",
        "mdn-data": "^2.0.27",
        "postcss-selector-parser": "^6.0.8",
        "postcss-value-parser": "^4.2.0",
        "semver": "^7.3.5"
      }
    },
    "node_modules/@hint/utils-compat-data/node_modules/lru-cache": {
      "version": "6.0.0",
      "resolved": "https://registry.npmjs.org/lru-cache/-/lru-cache-6.0.0.tgz",
      "integrity":
"sha512-Jo6dJ04CmSjuznwJSS3pUeWmd/H0ffTlkXXgwZi+eq1UCmqQwCh+eLsYOYCwY991i2Fah4h1BEMCx4qThGbsiA==",
      "dev": true,
      "optional": true,
      "dependencies": {
        "yallist": "^4.0.0"
      },
      "engines": {
        "node": ">=10"
      }
    },
    "node_modules/@hint/utils-compat-data/node_modules/mdn-data": {
      "version": "2.0.31",
      "resolved": "https://registry.npmjs.org/mdn-data/-/mdn-data-2.0.31.tgz",
      "integrity":
"sha512-BoMtKzFjk2+b5QDi1QtS4XBZtwd1WIBVQSVe9Q6iIgQP+m6KhlbukWM8bp7rYgWXOXzp/cBqgHWU7az4hGV1WA==",
      "dev": true,
      "optional": true
    },
    "node_modules/@hint/utils-compat-data/node_modules/semver": {
      "version": "7.3.8",
      "resolved": "https://registry.npmjs.org/semver/-/semver-7.3.8.tgz",
      "integrity":
"sha512-NB1ctGL5rlHrPJtFDVIVzTyQylMLu9N9VICA6HSFJo8MCGVTMW6gfpicwKmmK/dAjTOrqu5l63JJOpDSrAis3A==",
      "dev": true,
      "optional": true,
      "dependencies": {
        "lru-cache": "^6.0.0"
      },
      "bin": {
        "semver": "bin/semver.js"
      },
      "engines": {
        "node": ">=10"
      }
    },
    "node_modules/@hint/utils-compat-data/node_modules/yallist": {
      "version": "4.0.0",
      "resolved": "https://registry.npmjs.org/yallist/-/yallist-4.0.0.tgz",
      "integrity":
"sha512-3wdGidZyq5PB084XLES5TpOSRA3wjXAlIWMhum2kRcv/41Sn2emQ0dycQW4uZXLejwKvg6EsvbdlVL+FYEct7A==",
      "dev": true,
      "optional": true
    },
    "node_modules/@hint/utils-css": {
      "version": "1.0.14",
      "resolved":
"https://registry.npmjs.org/@hint/utils-css/-/utils-css-1.0.14.tgz",
      "integrity":
"sha512-b7l/Zneoo6Q3PAotdFYOrEJWZR9x03RP7mJSwrAfC1VV4MBwJcZ/sOoMNkTAko5MvVX4gxO0me0ct466LQZilA==",
      "dev": true,
      "optional": true
    },
    "node_modules/@hint/utils-debug": {
      "version": "1.0.10",
      "resolved":
"https://registry.npmjs.org/@hint/utils-debug/-/utils-debug-1.0.10.tgz",
      "integrity":
"sha512-OB3B0I4nv7HwH+hmYp97qiw+P6r4X8hgjnKBUZgotuPd4pib7VVFLXwhjQH7cjU8QSXqXOGbNjOmRZSwcTa61g==",
      "dev": true,
      "dependencies": {
        "debug": "4.3.4"
      }
    },
    "node_modules/@hint/utils-dom": {
      "version": "2.2.3",
      "resolved":
"https://registry.npmjs.org/@hint/utils-dom/-/utils-dom-2.2.3.tgz",
      "integrity":
"sha512-l7CKhIunWiQGzOVoMmWHSRcAev40U3ClYTZ5Mip0cI7MKmvB/1AS2b91e+Lqi+4/BtQ2PHdUCI1YxIRSFiGbUw==",
      "dev": true,
      "optional": true,
      "dependencies": {
        "@hint/utils-debug": "^1.0.10",
        "@hint/utils-types": "^1.2.0",
        "@types/parse5": "^6.0.3",
        "css-select": "^4.3.0",
        "eventemitter2": "^6.4.5",
        "parse5": "^6.0.1",
        "parse5-htmlparser2-tree-adapter": "^6.0.1"
      }
    },
    "node_modules/@hint/utils-fs": {
      "version": "1.0.15",
      "resolved":
"https://registry.npmjs.org/@hint/utils-fs/-/utils-fs-1.0.15.tgz",
      "integrity":
"sha512-O9v8mVQoObhjIj3JcpYg6YQvDo1nuNluBkub9ww1E+KJ/7uliyhEefWhVajEokk7FyadlxVxlnuJVjIBigrzIQ==",
      "dev": true,
      "dependencies": {
        "jsonc-parser": "^3.0.0"
      }
    },
    "node_modules/@hint/utils-i18n": {
      "version": "1.0.14",
      "resolved":
"https://registry.npmjs.org/@hint/utils-i18n/-/utils-i18n-1.0.14.tgz",
      "integrity":
"sha512-zGHqJk4uDurJevpFeGkOk9+kh51STlWiPeaIPdgimswAOj3j3IJjXixH8TmnPtBR86CAQ2z1c7q8OHhYQLvaAA==",
      "dev": true,
      "optional": true,
      "dependencies": {
        "@hint/utils-types": "^1.2.0"
      }
    },
    "node_modules/@hint/utils-json": {
      "version": "1.0.25",
      "resolved":
"https://registry.npmjs.org/@hint/utils-json/-/utils-json-1.0.25.tgz",
      "integrity":
"sha512-EqtkWU98YB338os4EoqcomzvjL1Jdnyul0yZdx9m6N8oFMHDCfXIV/M5is0V3gpwBsDB3My6sDf3i2GnfGehkg==",
      "dev": true,
      "dependencies": {
        "@hint/utils-fs": "^1.0.15",
        "@hint/utils-network": "^1.0.24",
        "@hint/utils-types": "^1.2.0",
        "ajv": "^8.11.0",
        "ajv-formats": "^2.1.1",
        "jsonc-parser": "^3.0.0",
        "lodash": "^4.17.21"
      }
    },
    "node_modules/@hint/utils-network": {
      "version": "1.0.24",
      "resolved":
"https://registry.npmjs.org/@hint/utils-network/-/utils-network-1.0.24.tgz",
      "integrity":
"sha512-BM6qmxehjx7V36mqtKGWUlvFFQEG9+MblN/yA6xY/QZT4jr0/px/BEEp01+rT2OvH8ceYpe5jDW8xZkpRoRZnw==",
      "dev": true,
      "dependencies": {
        "@hint/utils": "^7.0.22",
        "@hint/utils-debug": "^1.0.10",
        "@hint/utils-fs": "^1.0.15",
        "@hint/utils-string": "^1.0.13",
        "@hint/utils-types": "^1.2.0",
        "content-type": "^1.0.4",
        "https": "^1.0.0",
        "lodash": "^4.17.21",
        "node-fetch": "^2.6.7"
      }
    },
    "node_modules/@hint/utils-string": {
      "version": "1.0.13",
      "resolved":
"https://registry.npmjs.org/@hint/utils-string/-/utils-string-1.0.13.tgz",
      "integrity":
"sha512-yXBdDTj8diby+OjgX7TG0hhfVKhgcy2OgSrvT7rYTLSUsPJOtcWhAm+5MIdN7JbQwqv0QwpSIowz14rVBkln7g==",
      "dev": true
    },
    "node_modules/@hint/utils-types": {
      "version": "1.2.0",
      "resolved":
"https://registry.npmjs.org/@hint/utils-types/-/utils-types-1.2.0.tgz",
      "integrity":
"sha512-ZXxdw1jh4oYMmzFIxpVRqSNhbx5bzOxumn4K+5thbhuGOJE5BUZVWNNa18My0ktdTl5IpMjCNVDhQeZRQxQT1w==",
      "dev": true
    },
    "node_modules/@hint/utils/node_modules/lru-cache": {
      "version": "6.0.0",
      "resolved": "https://registry.npmjs.org/lru-cache/-/lru-cache-6.0.0.tgz",
      "integrity":
"sha512-Jo6dJ04CmSjuznwJSS3pUeWmd/H0ffTlkXXgwZi+eq1UCmqQwCh+eLsYOYCwY991i2Fah4h1BEMCx4qThGbsiA==",
      "dev": true,
      "dependencies": {
        "yallist": "^4.0.0"
      },
      "engines": {
        "node": ">=10"
      }
    },
    "node_modules/@hint/utils/node_modules/semver": {
      "version": "7.3.8",
      "resolved": "https://registry.npmjs.org/semver/-/semver-7.3.8.tgz",
      "integrity":
"sha512-NB1ctGL5rlHrPJtFDVIVzTyQylMLu9N9VICA6HSFJo8MCGVTMW6gfpicwKmmK/dAjTOrqu5l63JJOpDSrAis3A==",
      "dev": true,
      "dependencies": {
        "lru-cache": "^6.0.0"
      },
      "bin": {
        "semver": "bin/semver.js"
      },
      "engines": {
        "node": ">=10"
      }
    },
    "node_modules/@hint/utils/node_modules/yallist": {
      "version": "4.0.0",
      "resolved": "https://registry.npmjs.org/yallist/-/yallist-4.0.0.tgz",
      "integrity":
"sha512-3wdGidZyq5PB084XLES5TpOSRA3wjXAlIWMhum2kRcv/41Sn2emQ0dycQW4uZXLejwKvg6EsvbdlVL+FYEct7A==",
      "dev": true
    },
    "node_modules/@humanwhocodes/config-array": {
      "version": "0.5.0",
      "resolved":
"https://registry.npmjs.org/@humanwhocodes/config-array/-/config-array-0.5.0.tgz",
      "integrity":
"sha512-FagtKFz74XrTl7y6HCzQpwDfXP0yhxe9lHLD1UZxjvZIcbyRz8zTFF/yYNfSfzU414eDwZ1SrO0Qvtyf+wFMQg==",
      "dev": true,
      "dependencies": {
        "@humanwhocodes/object-schema": "^1.2.0",
        "debug": "^4.1.1",
        "minimatch": "^3.0.4"
      },
      "engines": {
        "node": ">=10.10.0"
      }
    },
    "node_modules/@humanwhocodes/object-schema": {
      "version": "1.2.1",
      "resolved":
"https://registry.npmjs.org/@humanwhocodes/object-schema/-/object-schema-1.2.1.tgz",
      "integrity":
"sha512-ZnQMnLV4e7hDlUvw8H+U8ASL02SS2Gn6+9Ac3wGGLIe7+je2AeAOxPY+izIPJDfFDb7eDjev0Us8MO1iFRN8hA==",
      "dev": true
    },
    "node_modules/@jridgewell/gen-mapping": {
      "version": "0.1.1",
      "resolved":
"https://registry.npmjs.org/@jridgewell/gen-mapping/-/gen-mapping-0.1.1.tgz",
      "integrity":
"sha512-sQXCasFk+U8lWYEe66WxRDOE9PjVz4vSM51fTu3Hw+ClTpUSQb718772vH3pyS5pShp6lvQM7SxgIDXXXmOX7w==",
      "dev": true,
      "dependencies": {
        "@jridgewell/set-array": "^1.0.0",
        "@jridgewell/sourcemap-codec": "^1.4.10"
      },
      "engines": {
        "node": ">=6.0.0"
      }
    },
    "node_modules/@jridgewell/resolve-uri": {
      "version": "3.1.0",
      "resolved":
"https://registry.npmjs.org/@jridgewell/resolve-uri/-/resolve-uri-3.1.0.tgz",
      "integrity":
"sha512-F2msla3tad+Mfht5cJq7LSXcdudKTWCVYUgw6pLFOOHSTtZlj6SWNYAp+AhuqLmWdBO2X5hPrLcu8cVP8fy28w==",
      "dev": true,
      "engines": {
        "node": ">=6.0.0"
      }
    },
    "node_modules/@jridgewell/set-array": {
      "version": "1.1.2",
      "resolved":
"https://registry.npmjs.org/@jridgewell/set-array/-/set-array-1.1.2.tgz",
      "integrity":
"sha512-xnkseuNADM0gt2bs+BvhO0p78Mk762YnZdsuzFV018NoG1Sj1SCQvpSqa7XUaTam5vAGasABV9qXASMKnFMwMw==",
      "dev": true,
      "engines": {
        "node": ">=6.0.0"
      }
    },
    "node_modules/@jridgewell/sourcemap-codec": {
      "version": "1.4.14",
      "resolved":
"https://registry.npmjs.org/@jridgewell/sourcemap-codec/-/sourcemap-codec-1.4.14.tgz",
      "integrity":
"sha512-XPSJHWmi394fuUuzDnGz1wiKqWfo1yXecHQMRf2l6hztTO+nPru658AyDngaBe7isIxEkRsPR3FZh+s7iVa4Uw==",
      "dev": true
    },
    "node_modules/@jridgewell/trace-mapping": {
      "version": "0.3.17",
      "resolved":
"https://registry.npmjs.org/@jridgewell/trace-mapping/-/trace-mapping-0.3.17.tgz",
      "integrity":
"sha512-MCNzAp77qzKca9+W/+I0+sEpaUnZoeasnghNeVc41VZCEKaCH73Vq3BZZ/SzWIgrqE4H4ceI+p+b6C0mHf9T4g==",
      "dev": true,
      "dependencies": {
        "@jridgewell/resolve-uri": "3.1.0",
        "@jridgewell/sourcemap-codec": "1.4.14"
      }
    },
    "node_modules/@mapbox/node-pre-gyp": {
      "version": "1.0.10",
      "resolved":
"https://registry.npmjs.org/@mapbox/node-pre-gyp/-/node-pre-gyp-1.0.10.tgz",
      "integrity":
"sha512-4ySo4CjzStuprMwk35H5pPbkymjv1SF3jGLj6rAHp/xT/RF7TL7bd9CTm1xDY49K2qF7jmR/g7k+SkLETP6opA==",
      "dev": true,
      "optional": true,
      "dependencies": {
        "detect-libc": "^2.0.0",
        "https-proxy-agent": "^5.0.0",
        "make-dir": "^3.1.0",
        "node-fetch": "^2.6.7",
        "nopt": "^5.0.0",
        "npmlog": "^5.0.1",
        "rimraf": "^3.0.2",
        "semver": "^7.3.5",
        "tar": "^6.1.11"
      },
      "bin": {
        "node-pre-gyp": "bin/node-pre-gyp"
      }
    },
    "node_modules/@mapbox/node-pre-gyp/node_modules/lru-cache": {
      "version": "6.0.0",
      "resolved": "https://registry.npmjs.org/lru-cache/-/lru-cache-6.0.0.tgz",
      "integrity":
"sha512-Jo6dJ04CmSjuznwJSS3pUeWmd/H0ffTlkXXgwZi+eq1UCmqQwCh+eLsYOYCwY991i2Fah4h1BEMCx4qThGbsiA==",
      "dev": true,
      "optional": true,
      "dependencies": {
        "yallist": "^4.0.0"
      },
      "engines": {
        "node": ">=10"
      }
    },
    "node_modules/@mapbox/node-pre-gyp/node_modules/semver": {
      "version": "7.3.8",
      "resolved": "https://registry.npmjs.org/semver/-/semver-7.3.8.tgz",
      "integrity":
"sha512-NB1ctGL5rlHrPJtFDVIVzTyQylMLu9N9VICA6HSFJo8MCGVTMW6gfpicwKmmK/dAjTOrqu5l63JJOpDSrAis3A==",
      "dev": true,
      "optional": true,
      "dependencies": {
        "lru-cache": "^6.0.0"
      },
      "bin": {
        "semver": "bin/semver.js"
      },
      "engines": {
        "node": ">=10"
      }
    },
    "node_modules/@mapbox/node-pre-gyp/node_modules/yallist": {
      "version": "4.0.0",
      "resolved": "https://registry.npmjs.org/yallist/-/yallist-4.0.0.tgz",
      "integrity":
"sha512-3wdGidZyq5PB084XLES5TpOSRA3wjXAlIWMhum2kRcv/41Sn2emQ0dycQW4uZXLejwKvg6EsvbdlVL+FYEct7A==",
      "dev": true,
      "optional": true
    },
    "node_modules/@mdn/browser-compat-data": {
      "version": "4.2.1",
      "resolved":
"https://registry.npmjs.org/@mdn/browser-compat-data/-/browser-compat-data-4.2.1.tgz",
      "integrity":
"sha512-EWUguj2kd7ldmrF9F+vI5hUOralPd+sdsUnYbRy33vZTuZkduC1shE9TtEMEjAQwyfyMb4ole5KtjF8MsnQOlA==",
      "dev": true,
      "optional": true
    },
    "node_modules/@nodelib/fs.scandir": {
      "version": "2.1.5",
      "resolved":
"https://registry.npmjs.org/@nodelib/fs.scandir/-/fs.scandir-2.1.5.tgz",
      "integrity":
"sha512-vq24Bq3ym5HEQm2NKCr3yXDwjc7vTsEThRDnkp2DK9p1uqLR+DHurm/NOTo0KG7HYHU7eppKZj3MyqYuMBf62g==",
      "dev": true,
      "dependencies": {
        "@nodelib/fs.stat": "2.0.5",
        "run-parallel": "^1.1.9"
      },
      "engines": {
        "node": ">= 8"
      }
    },
    "node_modules/@nodelib/fs.stat": {
      "version": "2.0.5",
      "resolved":
"https://registry.npmjs.org/@nodelib/fs.stat/-/fs.stat-2.0.5.tgz",
      "integrity":
"sha512-RkhPPp2zrqDAQA/2jNhnztcPAlv64XdhIp7a7454A5ovI7Bukxgt7MX7udwAu3zg1DcpPU0rz3VV1SeaqvY4+A==",
      "dev": true,
      "engines": {
        "node": ">= 8"
      }
    },
    "node_modules/@nodelib/fs.walk": {
      "version": "1.2.8",
      "resolved":
"https://registry.npmjs.org/@nodelib/fs.walk/-/fs.walk-1.2.8.tgz",
      "integrity":
"sha512-oGB+UxlgWcgQkgwo8GcEGwemoTFt3FIO9ababBmaGwXIoBKZ+GTy0pP185beGg7Llih/NSHSV2XAs1lnznocSg==",
      "dev": true,
      "dependencies": {
        "@nodelib/fs.scandir": "2.1.5",
        "fastq": "^1.6.0"
      },
      "engines": {
        "node": ">= 8"
      }
    },
    "node_modules/@npmcli/fs": {
      "version": "3.1.0",
      "resolved": "https://registry.npmjs.org/@npmcli/fs/-/fs-3.1.0.tgz",
      "integrity":
"sha512-7kZUAaLscfgbwBQRbvdMYaZOWyMEcPTH/tJjnyAWJ/dvvs9Ef+CERx/qJb9GExJpl1qipaDGn7KqHnFGGixd0w==",
      "dev": true,
      "dependencies": {
        "semver": "^7.3.5"
      },
      "engines": {
        "node": "^14.17.0 || ^16.13.0 || >=18.0.0"
      }
    },
    "node_modules/@npmcli/fs/node_modules/lru-cache": {
      "version": "6.0.0",
      "resolved": "https://registry.npmjs.org/lru-cache/-/lru-cache-6.0.0.tgz",
      "integrity":
"sha512-Jo6dJ04CmSjuznwJSS3pUeWmd/H0ffTlkXXgwZi+eq1UCmqQwCh+eLsYOYCwY991i2Fah4h1BEMCx4qThGbsiA==",
      "dev": true,
      "dependencies": {
        "yallist": "^4.0.0"
      },
      "engines": {
        "node": ">=10"
      }
    },
    "node_modules/@npmcli/fs/node_modules/semver": {
      "version": "7.3.8",
      "resolved": "https://registry.npmjs.org/semver/-/semver-7.3.8.tgz",
      "integrity":
"sha512-NB1ctGL5rlHrPJtFDVIVzTyQylMLu9N9VICA6HSFJo8MCGVTMW6gfpicwKmmK/dAjTOrqu5l63JJOpDSrAis3A==",
      "dev": true,
      "dependencies": {
        "lru-cache": "^6.0.0"
      },
      "bin": {
        "semver": "bin/semver.js"
      },
      "engines": {
        "node": ">=10"
      }
    },
    "node_modules/@npmcli/fs/node_modules/yallist": {
      "version": "4.0.0",
      "resolved": "https://registry.npmjs.org/yallist/-/yallist-4.0.0.tgz",
      "integrity":
"sha512-3wdGidZyq5PB084XLES5TpOSRA3wjXAlIWMhum2kRcv/41Sn2emQ0dycQW4uZXLejwKvg6EsvbdlVL+FYEct7A==",
      "dev": true
    },
    "node_modules/@sindresorhus/is": {
      "version": "0.14.0",
      "resolved": "https://registry.npmjs.org/@sindresorhus/is/-/is-0.14.0.tgz",
      "integrity":
"sha512-9NET910DNaIPngYnLLPeg+Ogzqsi9uM4mSboU5y6p8S5DzMTVEsJZrawi+BoDNUVBa2DhJqQYUFvMDfgU062LQ==",
      "dev": true,
      "engines": {
        "node": ">=6"
      }
    },
    "node_modules/@stylelint/postcss-css-in-js": {
      "version": "0.37.3",
      "resolved":
"https://registry.npmjs.org/@stylelint/postcss-css-in-js/-/postcss-css-in-js-0.37.3.tgz",
      "integrity":
"sha512-scLk3cSH1H9KggSniseb2KNAU5D9FWc3H7BxCSAIdtU9OWIyw0zkEZ9qEKHryRM+SExYXRKNb7tOOVNAsQ3iwg==",
      "deprecated": "Package no longer supported. Contact Support at
https://www.npmjs.com/support for more info.",
      "dev": true,
      "dependencies": {
        "@babel/core": "^7.17.9"
      },
      "peerDependencies": {
        "postcss": ">=7.0.0",
        "postcss-syntax": ">=0.36.2"
      }
    },
    "node_modules/@stylelint/postcss-markdown": {
      "version": "0.36.2",
      "resolved":
"https://registry.npmjs.org/@stylelint/postcss-markdown/-/postcss-markdown-0.36.2.tgz",
      "integrity":
"sha512-2kGbqUVJUGE8dM+bMzXG/PYUWKkjLIkRLWNh39OaADkiabDRdw8ATFCgbMz5xdIcvwspPAluSL7uY+ZiTWdWmQ==",
      "deprecated": "Use the original unforked package instead:
postcss-markdown",
      "dev": true,
      "dependencies": {
        "remark": "^13.0.0",
        "unist-util-find-all-after": "^3.0.2"
      },
      "peerDependencies": {
        "postcss": ">=7.0.0",
        "postcss-syntax": ">=0.36.2"
      }
    },
    "node_modules/@szmarczak/http-timer": {
      "version": "1.1.2",
      "resolved":
"https://registry.npmjs.org/@szmarczak/http-timer/-/http-timer-1.1.2.tgz",
      "integrity":
"sha512-XIB2XbzHTN6ieIjfIMV9hlVcfPU26s2vafYWQcZHWXHOxiaRZYEDKEwdl129Zyg50+foYV2jCgtrqSA6qNuNSA==",
      "dev": true,
      "dependencies": {
        "defer-to-connect": "^1.0.1"
      },
      "engines": {
        "node": ">=6"
      }
    },
    "node_modules/@tokenizer/token": {
      "version": "0.3.0",
      "resolved":
"https://registry.npmjs.org/@tokenizer/token/-/token-0.3.0.tgz",
      "integrity":
"sha512-OvjF+z51L3ov0OyAU0duzsYuvO01PH7x4t6DJx+guahgTnBHkhJdG7soQeTSFLWN3efnHyibZ4Z8l2EuWwJN3A==",
      "dev": true
    },
    "node_modules/@tootallnate/once": {
      "version": "2.0.0",
      "resolved":
"https://registry.npmjs.org/@tootallnate/once/-/once-2.0.0.tgz",
      "integrity":
"sha512-XCuKFP5PS55gnMVu3dty8KPatLqUoy/ZYzDzAGCQ8JNFCkLXzmI7vNHCR+XpbZaMWQK/vQubr7PkYq8g470J/A==",
      "dev": true,
      "engines": {
        "node": ">= 10"
      }
    },
    "node_modules/@types/cacheable-request": {
      "version": "6.0.3",
      "resolved":
"https://registry.npmjs.org/@types/cacheable-request/-/cacheable-request-6.0.3.tgz",
      "integrity":
"sha512-IQ3EbTzGxIigb1I3qPZc1rWJnH0BmSKv5QYTalEwweFvyBDLSAe24zP0le/hyi7ecGfZVlIVAg4BZqb8WBwKqw==",
      "dev": true,
      "optional": true,
      "dependencies": {
        "@types/http-cache-semantics": "*",
        "@types/keyv": "^3.1.4",
        "@types/node": "*",
        "@types/responselike": "^1.0.0"
      }
    },
    "node_modules/@types/estree": {
      "version": "1.0.0",
      "resolved": "https://registry.npmjs.org/@types/estree/-/estree-1.0.0.tgz",
      "integrity":
"sha512-WulqXMDUTYAXCjZnk6JtIHPigp55cVtDgDrO2gHRwhyJto21+1zbVCtOYB2L1F9w4qCQ0rOGWBnBe0FNTiEJIQ==",
      "dev": true,
      "optional": true
    },
    "node_modules/@types/estree-jsx": {
      "version": "0.0.1",
      "resolved":
"https://registry.npmjs.org/@types/estree-jsx/-/estree-jsx-0.0.1.tgz",
      "integrity":
"sha512-gcLAYiMfQklDCPjQegGn0TBAn9it05ISEsEhlKQUddIk7o2XDokOcTN7HBO8tznM0D9dGezvHEfRZBfZf6me0A==",
      "dev": true,
      "optional": true,
      "dependencies": {
        "@types/estree": "*"
      }
    },
    "node_modules/@types/http-cache-semantics": {
      "version": "4.0.1",
      "resolved":
"https://registry.npmjs.org/@types/http-cache-semantics/-/http-cache-semantics-4.0.1.tgz",
      "integrity":
"sha512-SZs7ekbP8CN0txVG2xVRH6EgKmEm31BOxA07vkFaETzZz1xh+cbt8BcI0slpymvwhx5dlFnQG2rTlPVQn+iRPQ==",
      "dev": true,
      "optional": true
    },
    "node_modules/@types/json5": {
      "version": "0.0.29",
      "resolved": "https://registry.npmjs.org/@types/json5/-/json5-0.0.29.tgz",
      "integrity":
"sha512-dRLjCWHYg4oaA77cxO64oO+7JwCwnIzkZPdrrC71jQmQtlhM556pwKo5bUzqvZndkVbeFLIIi+9TC40JNF5hNQ==",
      "dev": true
    },
    "node_modules/@types/keyv": {
      "version": "3.1.4",
      "resolved": "https://registry.npmjs.org/@types/keyv/-/keyv-3.1.4.tgz",
      "integrity":
"sha512-BQ5aZNSCpj7D6K2ksrRCTmKRLEpnPvWDiLPfoGyhZ++8YtiK9d/3DBKPJgry359X/P1PfruyYwvnvwFjuEiEIg==",
      "dev": true,
      "optional": true,
      "dependencies": {
        "@types/node": "*"
      }
    },
    "node_modules/@types/mdast": {
      "version": "3.0.10",
      "resolved": "https://registry.npmjs.org/@types/mdast/-/mdast-3.0.10.tgz",
      "integrity":
"sha512-W864tg/Osz1+9f4lrGTZpCSO5/z4608eUp19tbozkq2HJK6i3z1kT0H9tlADXuYIb1YYOBByU4Jsqkk75q48qA==",
      "dev": true,
      "dependencies": {
        "@types/unist": "*"
      }
    },
    "node_modules/@types/minimist": {
      "version": "1.2.2",
      "resolved":
"https://registry.npmjs.org/@types/minimist/-/minimist-1.2.2.tgz",
      "integrity":
"sha512-jhuKLIRrhvCPLqwPcx6INqmKeiA5EWrsCOPhrlFSrbrmU4ZMPjj5Ul/oLCMDO98XRUIwVm78xICz4EPCektzeQ==",
      "dev": true
    },
    "node_modules/@types/node": {
      "version": "18.15.3",
      "resolved": "https://registry.npmjs.org/@types/node/-/node-18.15.3.tgz",
      "integrity":
"sha512-p6ua9zBxz5otCmbpb5D3U4B5Nanw6Pk3PPyX05xnxbB/fRv71N7CPmORg7uAD5P70T0xmx1pzAx/FUfa5X+3cw==",
      "dev": true,
      "optional": true
    },
    "node_modules/@types/normalize-package-data": {
      "version": "2.4.1",
      "resolved":
"https://registry.npmjs.org/@types/normalize-package-data/-/normalize-package-data-2.4.1.tgz",
      "integrity":
"sha512-Gj7cI7z+98M282Tqmp2K5EIsoouUEzbBJhQQzDE3jSIRk6r9gsz0oUokqIUR4u1R3dMHo0pDHM7sNOHyhulypw==",
      "dev": true
    },
    "node_modules/@types/parse-json": {
      "version": "4.0.0",
      "resolved":
"https://registry.npmjs.org/@types/parse-json/-/parse-json-4.0.0.tgz",
      "integrity":
"sha512-//oorEZjL6sbPcKUaCdIGlIUeH26mgzimjBB77G6XRgnDl/L5wOnpyBGRe/Mmf5CVW3PwEBE1NjiMZ/ssFh4wA==",
      "dev": true
    },
    "node_modules/@types/parse5": {
      "version": "6.0.3",
      "resolved": "https://registry.npmjs.org/@types/parse5/-/parse5-6.0.3.tgz",
      "integrity":
"sha512-SuT16Q1K51EAVPz1K29DJ/sXjhSQ0zjvsypYJ6tlwVsRV9jwW5Adq2ch8Dq8kDBCkYnELS7N7VNCSB5nC56t/g==",
      "dev": true,
      "optional": true
    },
    "node_modules/@types/responselike": {
      "version": "1.0.0",
      "resolved":
"https://registry.npmjs.org/@types/responselike/-/responselike-1.0.0.tgz",
      "integrity":
"sha512-85Y2BjiufFzaMIlvJDvTTB8Fxl2xfLo4HgmHzVBz08w4wDePCTjYw66PdrolO0kzli3yam/YCgRufyo1DdQVTA==",
      "dev": true,
      "optional": true,
      "dependencies": {
        "@types/node": "*"
      }
    },
    "node_modules/@types/unist": {
      "version": "2.0.6",
      "resolved": "https://registry.npmjs.org/@types/unist/-/unist-2.0.6.tgz",
      "integrity":
"sha512-PBjIUxZHOuj0R15/xuwJYjFi+KZdNFrehocChv4g5hu6aFroHue8m0lBP0POdK2nKzbw0cgV1mws8+V/JAcEkQ==",
      "dev": true
    },
    "node_modules/@types/yauzl": {
      "version": "2.10.0",
      "resolved": "https://registry.npmjs.org/@types/yauzl/-/yauzl-2.10.0.tgz",
      "integrity":
"sha512-Cn6WYCm0tXv8p6k+A8PvbDG763EDpBoTzHdA+Q/MF6H3sapGjCm9NzoaJncJS9tUKSuCoDs9XHxYYsQDgxR6kw==",
      "dev": true,
      "optional": true,
      "dependencies": {
        "@types/node": "*"
      }
    },
    "node_modules/@typescript-eslint/types": {
      "version": "5.55.0",
      "resolved":
"https://registry.npmjs.org/@typescript-eslint/types/-/types-5.55.0.tgz",
      "integrity":
"sha512-M4iRh4AG1ChrOL6Y+mETEKGeDnT7Sparn6fhZ5LtVJF1909D5O4uqK+C5NPbLmpfZ0XIIxCdwzKiijpZUOvOug==",
      "dev": true,
      "optional": true,
      "engines": {
        "node": "^12.22.0 || ^14.17.0 || >=16.0.0"
      },
      "funding": {
        "type": "opencollective",
        "url": "https://opencollective.com/typescript-eslint"
      }
    },
    "node_modules/@typescript-eslint/typescript-estree": {
      "version": "5.55.0",
      "resolved":
"https://registry.npmjs.org/@typescript-eslint/typescript-estree/-/typescript-estree-5.55.0.tgz",
      "integrity":
"sha512-I7X4A9ovA8gdpWMpr7b1BN9eEbvlEtWhQvpxp/yogt48fy9Lj3iE3ild/1H3jKBBIYj5YYJmS2+9ystVhC7eaQ==",
      "dev": true,
      "optional": true,
      "dependencies": {
        "@typescript-eslint/types": "5.55.0",
        "@typescript-eslint/visitor-keys": "5.55.0",
        "debug": "^4.3.4",
        "globby": "^11.1.0",
        "is-glob": "^4.0.3",
        "semver": "^7.3.7",
        "tsutils": "^3.21.0"
      },
      "engines": {
        "node": "^12.22.0 || ^14.17.0 || >=16.0.0"
      },
      "funding": {
        "type": "opencollective",
        "url": "https://opencollective.com/typescript-eslint"
      },
      "peerDependenciesMeta": {
        "typescript": {
          "optional": true
        }
      }
    },
    "node_modules/@typescript-eslint/typescript-estree/node_modules/lru-cache":
{
      "version": "6.0.0",
      "resolved": "https://registry.npmjs.org/lru-cache/-/lru-cache-6.0.0.tgz",
      "integrity":
"sha512-Jo6dJ04CmSjuznwJSS3pUeWmd/H0ffTlkXXgwZi+eq1UCmqQwCh+eLsYOYCwY991i2Fah4h1BEMCx4qThGbsiA==",
      "dev": true,
      "optional": true,
      "dependencies": {
        "yallist": "^4.0.0"
      },
      "engines": {
        "node": ">=10"
      }
    },
    "node_modules/@typescript-eslint/typescript-estree/node_modules/semver": {
      "version": "7.3.8",
      "resolved": "https://registry.npmjs.org/semver/-/semver-7.3.8.tgz",
      "integrity":
"sha512-NB1ctGL5rlHrPJtFDVIVzTyQylMLu9N9VICA6HSFJo8MCGVTMW6gfpicwKmmK/dAjTOrqu5l63JJOpDSrAis3A==",
      "dev": true,
      "optional": true,
      "dependencies": {
        "lru-cache": "^6.0.0"
      },
      "bin": {
        "semver": "bin/semver.js"
      },
      "engines": {
        "node": ">=10"
      }
    },
    "node_modules/@typescript-eslint/typescript-estree/node_modules/yallist": {
      "version": "4.0.0",
      "resolved": "https://registry.npmjs.org/yallist/-/yallist-4.0.0.tgz",
      "integrity":
"sha512-3wdGidZyq5PB084XLES5TpOSRA3wjXAlIWMhum2kRcv/41Sn2emQ0dycQW4uZXLejwKvg6EsvbdlVL+FYEct7A==",
      "dev": true,
      "optional": true
    },
    "node_modules/@typescript-eslint/visitor-keys": {
      "version": "5.55.0",
      "resolved":
"https://registry.npmjs.org/@typescript-eslint/visitor-keys/-/visitor-keys-5.55.0.tgz",
      "integrity":
"sha512-q2dlHHwWgirKh1D3acnuApXG+VNXpEY5/AwRxDVuEQpxWaB0jCDe0jFMVMALJ3ebSfuOVE8/rMS+9ZOYGg1GWw==",
      "dev": true,
      "optional": true,
      "dependencies": {
        "@typescript-eslint/types